
Microsoft Visual Studio Solution File, Format Version 12.00
# Visual Studio Version 17
VisualStudioVersion = 17.10.35027.167
MinimumVisualStudioVersion = 10.0.40219.1
Project("{FAE04EC0-301F-11D3-BF4B-00C04F79EFBC}") = "Cwiczenia3", "Cwiczenia3\Cwiczenia3.csproj", "{8D52CAC0-346F-4594-9DD8-295BBB897FC8}"
EndProject
Global
	GlobalSection(SolutionConfigurationPlatforms) = preSolution
		Debug|Any CPU = Debug|Any CPU
		Release|Any CPU = Release|Any CPU
	EndGlobalSection
	GlobalSection(ProjectConfigurationPlatforms) = postSolution
		{8D52CAC0-346F-4594-9DD8-295BBB897FC8}.Debug|Any CPU.ActiveCfg = Debug|Any CPU
		{8D52CAC0-346F-4594-9DD8-295BBB897FC8}.Debug|Any CPU.Build.0 = Debug|Any CPU
		{8D52CAC0-346F-4594-9DD8-295BBB897FC8}.Release|Any CPU.ActiveCfg = Release|Any CPU
		{8D52CAC0-346F-4594-9DD8-295BBB897FC8}.Release|Any CPU.Build.0 = Release|Any CPU
	EndGlobalSection
	GlobalSection(SolutionProperties) = preSolution
		HideSolutionNode = FALSE
	EndGlobalSection
	GlobalSection(ExtensibilityGlobals) = postSolution
		SolutionGuid = {692ECE41-B8DD-40D4-A3F8-1E9FBB0D68EB}
	EndGlobalSection
EndGlobal
